{
  "nodes": {
    "flake-utils": {
      "inputs": {
        "systems": "systems"
      },
      "locked": {
        "lastModified": 1705309234,
        "narHash": "sha256-uNRRNRKmJyCRC/8y1RqBkqWBLM034y4qN7EprSdmgyA=",
        "owner": "numtide",
        "repo": "flake-utils",
        "rev": "1ef2e671c3b0c19053962c07dbda38332dcebf26",
        "type": "github"
      },
      "original": {
        "owner": "numtide",
        "repo": "flake-utils",
        "type": "github"
      }
    },
    "ghostty": {
      "inputs": {
        "nixpkgs-stable": [
          "nixpkgs"
        ],
        "nixpkgs-unstable": [
          "nixpkgs"
        ],
        "zig": "zig"
      },
      "locked": {
        "lastModified": 1728604055,
        "narHash": "sha256-qFzvnwoWhGob+Huh3RlCxC+j16uF0LQKKV4dJxY4nDQ=",
        "ref": "refs/heads/main",
        "rev": "c26d1cb28eb5491e05ccbcff075a0eedd09ebaaa",
        "revCount": 7679,
        "type": "git",
        "url": "ssh://git@github.com/ghostty-org/ghostty"
      },
      "original": {
        "type": "git",
        "url": "ssh://git@github.com/ghostty-org/ghostty"
      }
    },
    "ghostty-hm": {
      "locked": {
        "lastModified": 1702368251,
        "narHash": "sha256-hafrDmzGplzm+vdIo+LkOjRfA4qRcy5JmpGGksnht5c=",
        "owner": "clo4",
        "repo": "ghostty-hm-module",
        "rev": "887e13a6e7acf5ffaab0119d96e476d84db90904",
        "type": "github"
      },
      "original": {
        "owner": "clo4",
        "repo": "ghostty-hm-module",
        "type": "github"
      }
    },
    "home-manager": {
      "inputs": {
        "nixpkgs": [
          "nixpkgs"
        ]
      },
      "locked": {
        "lastModified": 1728726232,
        "narHash": "sha256-8ZWr1HpciQsrFjvPMvZl0W+b0dilZOqXPoKa2Ux36bc=",
        "owner": "nix-community",
        "repo": "home-manager",
        "rev": "d57112db877f07387ce7104b5ac346ede556d2d7",
        "type": "github"
      },
      "original": {
        "owner": "nix-community",
        "repo": "home-manager",
        "type": "github"
      }
    },
    "nixpkgs": {
      "locked": {
        "lastModified": 1728492678,
        "narHash": "sha256-9UTxR8eukdg+XZeHgxW5hQA9fIKHsKCdOIUycTryeVw=",
        "owner": "nixos",
        "repo": "nixpkgs",
        "rev": "5633bcff0c6162b9e4b5f1264264611e950c8ec7",
        "type": "github"
      },
      "original": {
        "owner": "nixos",
        "ref": "nixos-unstable",
        "repo": "nixpkgs",
        "type": "github"
      }
    },
    "root": {
      "inputs": {
        "ghostty": "ghostty",
        "ghostty-hm": "ghostty-hm",
        "home-manager": "home-manager",
        "nixpkgs": "nixpkgs"
      }
    },
    "systems": {
      "locked": {
        "lastModified": 1681028828,
        "narHash": "sha256-Vy1rq5AaRuLzOxct8nz4T6wlgyUR7zLU309k9mBC768=",
        "owner": "nix-systems",
        "repo": "default",
        "rev": "da67096a3b9bf56a91d16901293e51ba5b49a27e",
        "type": "github"
      },
      "original": {
        "owner": "nix-systems",
        "repo": "default",
        "type": "github"
      }
    },
    "zig": {
      "inputs": {
        "flake-compat": [
          "ghostty"
        ],
        "flake-utils": "flake-utils",
        "nixpkgs": [
          "ghostty",
          "nixpkgs-stable"
        ]
      },
      "locked": {
        "lastModified": 1717848532,
        "narHash": "sha256-d+xIUvSTreHl8pAmU1fnmkfDTGQYCn2Rb/zOwByxS2M=",
        "owner": "mitchellh",
        "repo": "zig-overlay",
        "rev": "02fc5cc555fc14fda40c42d7c3250efa43812b43",
        "type": "github"
      },
      "original": {
        "owner": "mitchellh",
        "repo": "zig-overlay",
        "type": "github"
      }
    }
  },
  "root": "root",
  "version": 7
}
